{
    "_meta": {
        "hash": {
            "sha256": "8b8c517f81a9e9879cdb6319aa981123bbff308a707ec6ae6505fa2d667848f8"
        },
        "pipfile-spec": 6,
        "requires": {
            "python_version": "2.7"
        },
        "sources": [
            {
                "name": "pypi",
                "url": "https://pypi.python.org/simple",
                "verify_ssl": true
            }
        ]
    },
    "default": {
        "cobs": {
            "hashes": [
                "sha256:0a6c55ec46789b8b01cc6bfcf562f6f75082f5baef1ecf1384440769aba4b016",
                "sha256:a0ee59869cd99133ab3febaa810832dbda4bdc87f7f4b31d0d66e1a2709bfeaf",
                "sha256:c4fc36e3e1d3ff57670982a1b0856ca15255ab56c73c6f915ed6a45b51fa341c",
                "sha256:d32931d7250a3c57989bd53e99fd7d3c3200affcbf60d4e2470ffd29af99e45d",
                "sha256:e1c8c527c777f8b6c58bce249a0de7b8b6d9f85aca751fad556b395d983715ce"
            ],
            "index": "pypi",
            "version": "==1.1.4"
        },
        "pyserial": {
            "hashes": [
                "sha256:3c77e014170dfffbd816e6ffc205e9842efb10be9f58ec16d3e8675b4925cddb",
                "sha256:c4451db6ba391ca6ca299fb3ec7bae67a5c55dde170964c7a14ceefec02f2cf0"
            ],
            "index": "pypi",
            "version": "==3.5"
        }
    },
    "develop": {
        "autopep8": {
            "hashes": [
                "sha256:276ced7e9e3cb22e5d7c14748384a5cf5d9002257c0ed50c0e075b68011bb6d0",
                "sha256:aa213493c30dcdac99537249ee65b24af0b2c29f2e83cd8b3f68760441ed0db9"
            ],
            "index": "pypi",
            "version": "==1.5.7"
        },
        "pycodestyle": {
            "hashes": [
                "sha256:514f76d918fcc0b55c6680472f0a37970994e07bbb80725808c17089be302068",
                "sha256:c389c1d06bf7904078ca03399a4816f974a1d590090fecea0c63ec26ebaf1cef"
            ],
            "version": "==2.7.0"
        },
        "toml": {
            "hashes": [
                "sha256:806143ae5bfb6a3c6e736a764057db0e6a0e05e338b5630894a5f779cabb4f9b",
                "sha256:b3bda1d108d5dd99f4a20d24d9c348e91c4db7ab1b749200bded2f839ccbe68f"
            ],
            "version": "==0.10.2"
        }
    }
}
